
Microsoft Visual Studio Solution File, Format Version 12.00
# Visual Studio Version 17
VisualStudioVersion = 17.10.34916.146
MinimumVisualStudioVersion = 10.0.40219.1
Project("{FAE04EC0-301F-11D3-BF4B-00C04F79EFBC}") = "AdsAPI", "AdsAPI\AdsAPI.csproj", "{8A089DF4-DB4E-4874-8EDE-96A466CC7D7E}"
EndProject
Global
	GlobalSection(SolutionConfigurationPlatforms) = preSolution
		Debug|Any CPU = Debug|Any CPU
		Release|Any CPU = Release|Any CPU
	EndGlobalSection
	GlobalSection(ProjectConfigurationPlatforms) = postSolution
		{8A089DF4-DB4E-4874-8EDE-96A466CC7D7E}.Debug|Any CPU.ActiveCfg = Debug|Any CPU
		{8A089DF4-DB4E-4874-8EDE-96A466CC7D7E}.Debug|Any CPU.Build.0 = Debug|Any CPU
		{8A089DF4-DB4E-4874-8EDE-96A466CC7D7E}.Release|Any CPU.ActiveCfg = Release|Any CPU
		{8A089DF4-DB4E-4874-8EDE-96A466CC7D7E}.Release|Any CPU.Build.0 = Release|Any CPU
	EndGlobalSection
	GlobalSection(SolutionProperties) = preSolution
		HideSolutionNode = FALSE
	EndGlobalSection
	GlobalSection(ExtensibilityGlobals) = postSolution
		SolutionGuid = {4EFBBF09-2977-4449-BE6A-06D1E31C979C}
	EndGlobalSection
EndGlobal
